
Microsoft Visual Studio Solution File, Format Version 12.00
# Visual Studio Version 16
VisualStudioVersion = 16.0.30406.217
MinimumVisualStudioVersion = 10.0.40219.1
Project("{FAE04EC0-301F-11D3-BF4B-00C04F79EFBC}") = "FootballApp", "FootballApp\FootballApp.csproj", "{C10588C5-0CDD-4182-8351-62563FE3C033}"
EndProject
Global
	GlobalSection(SolutionConfigurationPlatforms) = preSolution
		Debug|Any CPU = Debug|Any CPU
		Release|Any CPU = Release|Any CPU
	EndGlobalSection
	GlobalSection(ProjectConfigurationPlatforms) = postSolution
		{C10588C5-0CDD-4182-8351-62563FE3C033}.Debug|Any CPU.ActiveCfg = Debug|Any CPU
		{C10588C5-0CDD-4182-8351-62563FE3C033}.Debug|Any CPU.Build.0 = Debug|Any CPU
		{C10588C5-0CDD-4182-8351-62563FE3C033}.Release|Any CPU.ActiveCfg = Release|Any CPU
		{C10588C5-0CDD-4182-8351-62563FE3C033}.Release|Any CPU.Build.0 = Release|Any CPU
	EndGlobalSection
	GlobalSection(SolutionProperties) = preSolution
		HideSolutionNode = FALSE
	EndGlobalSection
	GlobalSection(ExtensibilityGlobals) = postSolution
		SolutionGuid = {EA903F39-8C87-4420-A5E3-2A9A32F3A5FE}
	EndGlobalSection
EndGlobal
